
Microsoft Visual Studio Solution File, Format Version 12.00
# Visual Studio Version 17
VisualStudioVersion = 17.0.0.0
MinimumVisualStudioVersion = 10.0.40219.1
Project("{FAE04EC0-301F-11D3-BF4B-00C04F79EFBC}") = "swgoh-command-bridge.Core", "src\swgoh-command-bridge.Core\swgoh-command-bridge.Core.csproj", "{C09E69B3-552A-4A83-A448-E53896593539}"
EndProject
Project("{FAE04EC0-301F-11D3-BF4B-00C04F79EFBC}") = "swgoh-command-bridge.UI", "src\swgoh-command-bridge.UI\swgoh-command-bridge.UI.csproj", "{B3C2E1E4-A1B9-4148-817B-57754930A90B}"
EndProject
Project("{FAE04EC0-301F-11D3-BF4B-00C04F79EFBC}") = "swgoh-command-bridge.Tests", "tests\swgoh-command-bridge.Tests\swgoh-command-bridge.Tests.csproj", "{A2A4A83A-42F7-4E2E-A35A-C4A519A0A027}"
EndProject
Global
	GlobalSection(SolutionConfigurationPlatforms) = preSolution
		Debug|Any CPU = Debug|Any CPU
		Release|Any CPU = Release|Any CPU
	EndGlobalSection
	GlobalSection(ProjectConfigurationPlatforms) = postSolution
		{C09E69B3-552A-4A83-A448-E53896593539}.Debug|Any CPU.ActiveCfg = Debug|Any CPU
		{C09E69B3-552A-4A83-A448-E53896593539}.Debug|Any CPU.Build.0 = Debug|Any CPU
		{C09E69B3-552A-4A83-A448-E53896593539}.Release|Any CPU.ActiveCfg = Release|Any CPU
		{C09E69B3-552A-4A83-A448-E53896593539}.Release|Any CPU.Build.0 = Release|Any CPU
		{B3C2E1E4-A1B9-4148-817B-57754930A90B}.Debug|Any CPU.ActiveCfg = Debug|Any CPU
		{B3C2E1E4-A1B9-4148-817B-57754930A90B}.Debug|Any CPU.Build.0 = Debug|Any CPU
		{B3C2E1E4-A1B9-4148-817B-57754930A90B}.Release|Any CPU.ActiveCfg = Release|Any CPU
		{B3C2E1E4-A1B9-4148-817B-57754930A90B}.Release|Any CPU.Build.0 = Release|Any CPU
		{A2A4A83A-42F7-4E2E-A35A-C4A519A0A027}.Debug|Any CPU.ActiveCfg = Debug|Any CPU
		{A2A4A83A-42F7-4E2E-A35A-C4A519A0A027}.Debug|Any CPU.Build.0 = Debug|Any CPU
		{A2A4A83A-42F7-4E2E-A35A-C4A519A0A027}.Release|Any CPU.ActiveCfg = Release|Any CPU
		{A2A4A83A-42F7-4E2E-A35A-C4A519A0A027}.Release|Any CPU.Build.0 = Release|Any CPU
	EndGlobalSection
	GlobalSection(SolutionProperties) = preSolution
		HideSolutionNode = FALSE
	EndGlobalSection
	GlobalSection(ExtensibilityGlobals) = postSolution
		SolutionGuid = {E52B2B4A-549B-4739-95A9-10255913A39A}
	EndGlobalSection
EndGlobal
